
Microsoft Visual Studio Solution File, Format Version 12.00
# Visual Studio Version 17
VisualStudioVersion = 17.12.35707.178
MinimumVisualStudioVersion = 10.0.40219.1
Project("{FAE04EC0-301F-11D3-BF4B-00C04F79EFBC}") = "FribergCarRental.DAL", "FribergCarRental.DAL\FribergCarRental.DAL.csproj", "{5C8773DA-9D21-4D92-8DEC-FC2DF54F5E7B}"
EndProject
Project("{FAE04EC0-301F-11D3-BF4B-00C04F79EFBC}") = "FribergCarRental.Api", "FribergCarRentalApi\FribergCarRental.Api.csproj", "{3E99F173-A995-4CEC-874C-666A231D3963}"
EndProject
Project("{FAE04EC0-301F-11D3-BF4B-00C04F79EFBC}") = "FribergCarRental.Core", "FribergCarRental.Core\FribergCarRental.Core.csproj", "{018F61E0-8731-4B1E-BE29-7275BDF779DA}"
EndProject
Project("{FAE04EC0-301F-11D3-BF4B-00C04F79EFBC}") = "FribergCarRental", "FribergCarRental\FribergCarRental.csproj", "{BE74F498-A64A-FA82-27C0-3BA8C6C045D3}"
EndProject
Global
	GlobalSection(SolutionConfigurationPlatforms) = preSolution
		Debug|Any CPU = Debug|Any CPU
		Release|Any CPU = Release|Any CPU
	EndGlobalSection
	GlobalSection(ProjectConfigurationPlatforms) = postSolution
		{5C8773DA-9D21-4D92-8DEC-FC2DF54F5E7B}.Debug|Any CPU.ActiveCfg = Debug|Any CPU
		{5C8773DA-9D21-4D92-8DEC-FC2DF54F5E7B}.Debug|Any CPU.Build.0 = Debug|Any CPU
		{5C8773DA-9D21-4D92-8DEC-FC2DF54F5E7B}.Release|Any CPU.ActiveCfg = Release|Any CPU
		{5C8773DA-9D21-4D92-8DEC-FC2DF54F5E7B}.Release|Any CPU.Build.0 = Release|Any CPU
		{3E99F173-A995-4CEC-874C-666A231D3963}.Debug|Any CPU.ActiveCfg = Debug|Any CPU
		{3E99F173-A995-4CEC-874C-666A231D3963}.Debug|Any CPU.Build.0 = Debug|Any CPU
		{3E99F173-A995-4CEC-874C-666A231D3963}.Release|Any CPU.ActiveCfg = Release|Any CPU
		{3E99F173-A995-4CEC-874C-666A231D3963}.Release|Any CPU.Build.0 = Release|Any CPU
		{018F61E0-8731-4B1E-BE29-7275BDF779DA}.Debug|Any CPU.ActiveCfg = Debug|Any CPU
		{018F61E0-8731-4B1E-BE29-7275BDF779DA}.Debug|Any CPU.Build.0 = Debug|Any CPU
		{018F61E0-8731-4B1E-BE29-7275BDF779DA}.Release|Any CPU.ActiveCfg = Release|Any CPU
		{018F61E0-8731-4B1E-BE29-7275BDF779DA}.Release|Any CPU.Build.0 = Release|Any CPU
		{BE74F498-A64A-FA82-27C0-3BA8C6C045D3}.Debug|Any CPU.ActiveCfg = Debug|Any CPU
		{BE74F498-A64A-FA82-27C0-3BA8C6C045D3}.Debug|Any CPU.Build.0 = Debug|Any CPU
		{BE74F498-A64A-FA82-27C0-3BA8C6C045D3}.Release|Any CPU.ActiveCfg = Release|Any CPU
		{BE74F498-A64A-FA82-27C0-3BA8C6C045D3}.Release|Any CPU.Build.0 = Release|Any CPU
	EndGlobalSection
	GlobalSection(SolutionProperties) = preSolution
		HideSolutionNode = FALSE
	EndGlobalSection
	GlobalSection(ExtensibilityGlobals) = postSolution
		SolutionGuid = {33D7474D-5E70-415E-ABA0-65C9FD5352D0}
	EndGlobalSection
EndGlobal
